
Microsoft Visual Studio Solution File, Format Version 12.00
# Visual Studio 15
VisualStudioVersion = 15.0.28010.2019
MinimumVisualStudioVersion = 10.0.40219.1
Project("{FAE04EC0-301F-11D3-BF4B-00C04F79EFBC}") = "PearlPlotter1_3", "PearlPlotter1_3\PearlPlotter1_3.csproj", "{AD324CFC-EDCA-49C0-8DBC-A3AAF3EE1364}"
EndProject
Global
	GlobalSection(SolutionConfigurationPlatforms) = preSolution
		Debug|Any CPU = Debug|Any CPU
		Release|Any CPU = Release|Any CPU
	EndGlobalSection
	GlobalSection(ProjectConfigurationPlatforms) = postSolution
		{AD324CFC-EDCA-49C0-8DBC-A3AAF3EE1364}.Debug|Any CPU.ActiveCfg = Debug|Any CPU
		{AD324CFC-EDCA-49C0-8DBC-A3AAF3EE1364}.Debug|Any CPU.Build.0 = Debug|Any CPU
		{AD324CFC-EDCA-49C0-8DBC-A3AAF3EE1364}.Release|Any CPU.ActiveCfg = Release|Any CPU
		{AD324CFC-EDCA-49C0-8DBC-A3AAF3EE1364}.Release|Any CPU.Build.0 = Release|Any CPU
	EndGlobalSection
	GlobalSection(SolutionProperties) = preSolution
		HideSolutionNode = FALSE
	EndGlobalSection
	GlobalSection(ExtensibilityGlobals) = postSolution
		SolutionGuid = {C6553AEB-ADD9-4401-AC4F-AC76901D4727}
	EndGlobalSection
EndGlobal
